
Microsoft Visual Studio Solution File, Format Version 12.00
# Visual Studio Version 16
VisualStudioVersion = 16.0.31729.503
MinimumVisualStudioVersion = 10.0.40219.1
Project("{FAE04EC0-301F-11D3-BF4B-00C04F79EFBC}") = "Legitarsasag_Roli", "Legitarsasag_Roli\Legitarsasag_Roli.csproj", "{4C83E0A6-0271-4F17-93A9-0676E2045518}"
EndProject
Global
	GlobalSection(SolutionConfigurationPlatforms) = preSolution
		Debug|Any CPU = Debug|Any CPU
		Release|Any CPU = Release|Any CPU
	EndGlobalSection
	GlobalSection(ProjectConfigurationPlatforms) = postSolution
		{4C83E0A6-0271-4F17-93A9-0676E2045518}.Debug|Any CPU.ActiveCfg = Debug|Any CPU
		{4C83E0A6-0271-4F17-93A9-0676E2045518}.Debug|Any CPU.Build.0 = Debug|Any CPU
		{4C83E0A6-0271-4F17-93A9-0676E2045518}.Release|Any CPU.ActiveCfg = Release|Any CPU
		{4C83E0A6-0271-4F17-93A9-0676E2045518}.Release|Any CPU.Build.0 = Release|Any CPU
	EndGlobalSection
	GlobalSection(SolutionProperties) = preSolution
		HideSolutionNode = FALSE
	EndGlobalSection
	GlobalSection(ExtensibilityGlobals) = postSolution
		SolutionGuid = {BF26DFBA-3175-473E-A958-6D36814FE38C}
	EndGlobalSection
EndGlobal
